
Microsoft Visual Studio Solution File, Format Version 12.00
# Visual Studio 15
VisualStudioVersion = 15.0.27703.2035
MinimumVisualStudioVersion = 10.0.40219.1
Project("{FAE04EC0-301F-11D3-BF4B-00C04F79EFBC}") = "LoadingFiles", "LoadingFiles\LoadingFiles.csproj", "{69704C1F-132D-45EA-810E-40263D85AEA3}"
EndProject
Global
	GlobalSection(SolutionConfigurationPlatforms) = preSolution
		Debug|Any CPU = Debug|Any CPU
		Release|Any CPU = Release|Any CPU
	EndGlobalSection
	GlobalSection(ProjectConfigurationPlatforms) = postSolution
		{69704C1F-132D-45EA-810E-40263D85AEA3}.Debug|Any CPU.ActiveCfg = Debug|Any CPU
		{69704C1F-132D-45EA-810E-40263D85AEA3}.Debug|Any CPU.Build.0 = Debug|Any CPU
		{69704C1F-132D-45EA-810E-40263D85AEA3}.Release|Any CPU.ActiveCfg = Release|Any CPU
		{69704C1F-132D-45EA-810E-40263D85AEA3}.Release|Any CPU.Build.0 = Release|Any CPU
	EndGlobalSection
	GlobalSection(SolutionProperties) = preSolution
		HideSolutionNode = FALSE
	EndGlobalSection
	GlobalSection(ExtensibilityGlobals) = postSolution
		SolutionGuid = {B7444144-77BF-4443-BBFC-6FA6294D06C0}
	EndGlobalSection
EndGlobal
